
Microsoft Visual Studio Solution File, Format Version 12.00
# Visual Studio Version 16
VisualStudioVersion = 16.0.29306.81
MinimumVisualStudioVersion = 10.0.40219.1
Project("{FAE04EC0-301F-11D3-BF4B-00C04F79EFBC}") = "MyVet.Common", "MyVet.Common\MyVet.Common.csproj", "{9467BB88-66EC-4BBE-B1B2-2C5C5DA09637}"
EndProject
Project("{FAE04EC0-301F-11D3-BF4B-00C04F79EFBC}") = "MyVet.Web", "MyVet.Web\MyVet.Web.csproj", "{4BB627BE-BB7B-4D0B-8481-D5A2568782EC}"
EndProject
Global
	GlobalSection(SolutionConfigurationPlatforms) = preSolution
		Debug|Any CPU = Debug|Any CPU
		Release|Any CPU = Release|Any CPU
	EndGlobalSection
	GlobalSection(ProjectConfigurationPlatforms) = postSolution
		{9467BB88-66EC-4BBE-B1B2-2C5C5DA09637}.Debug|Any CPU.ActiveCfg = Debug|Any CPU
		{9467BB88-66EC-4BBE-B1B2-2C5C5DA09637}.Debug|Any CPU.Build.0 = Debug|Any CPU
		{9467BB88-66EC-4BBE-B1B2-2C5C5DA09637}.Release|Any CPU.ActiveCfg = Release|Any CPU
		{9467BB88-66EC-4BBE-B1B2-2C5C5DA09637}.Release|Any CPU.Build.0 = Release|Any CPU
		{4BB627BE-BB7B-4D0B-8481-D5A2568782EC}.Debug|Any CPU.ActiveCfg = Debug|Any CPU
		{4BB627BE-BB7B-4D0B-8481-D5A2568782EC}.Debug|Any CPU.Build.0 = Debug|Any CPU
		{4BB627BE-BB7B-4D0B-8481-D5A2568782EC}.Release|Any CPU.ActiveCfg = Release|Any CPU
		{4BB627BE-BB7B-4D0B-8481-D5A2568782EC}.Release|Any CPU.Build.0 = Release|Any CPU
	EndGlobalSection
	GlobalSection(SolutionProperties) = preSolution
		HideSolutionNode = FALSE
	EndGlobalSection
	GlobalSection(ExtensibilityGlobals) = postSolution
		SolutionGuid = {27906E5E-9FD8-47F7-B14E-C7743CE1551F}
	EndGlobalSection
EndGlobal
